
Microsoft Visual Studio Solution File, Format Version 12.00
# Visual Studio Version 17
VisualStudioVersion = 17.8.34408.163
MinimumVisualStudioVersion = 10.0.40219.1
Project("{FAE04EC0-301F-11D3-BF4B-00C04F79EFBC}") = "Apk IMT", "Apk IMT\Apk IMT.csproj", "{483DCFCB-7C50-4D20-B60D-91ED5F50C578}"
EndProject
Global
	GlobalSection(SolutionConfigurationPlatforms) = preSolution
		Debug|Any CPU = Debug|Any CPU
		Release|Any CPU = Release|Any CPU
	EndGlobalSection
	GlobalSection(ProjectConfigurationPlatforms) = postSolution
		{483DCFCB-7C50-4D20-B60D-91ED5F50C578}.Debug|Any CPU.ActiveCfg = Debug|Any CPU
		{483DCFCB-7C50-4D20-B60D-91ED5F50C578}.Debug|Any CPU.Build.0 = Debug|Any CPU
		{483DCFCB-7C50-4D20-B60D-91ED5F50C578}.Release|Any CPU.ActiveCfg = Release|Any CPU
		{483DCFCB-7C50-4D20-B60D-91ED5F50C578}.Release|Any CPU.Build.0 = Release|Any CPU
	EndGlobalSection
	GlobalSection(SolutionProperties) = preSolution
		HideSolutionNode = FALSE
	EndGlobalSection
	GlobalSection(ExtensibilityGlobals) = postSolution
		SolutionGuid = {2CEBC014-727C-49D0-9558-1E44E812F44A}
	EndGlobalSection
EndGlobal
